// !$*UTF8*$!
{
	archiveVersion = 1;
	classes = {
	};
	objectVersion = 56;
	objects = {

/* Begin PBXBuildFile section */
		4B8F18602A8C4E90000D0D85 /* CaloriesTrackerApp.swift in Sources */ = {isa = PBXBuildFile; fileRef = 4B8F185F2A8C4E90000D0D85 /* CaloriesTrackerApp.swift */; };
		4B8F18622A8C4E90000D0D85 /* ContentView.swift in Sources */ = {isa = PBXBuildFile; fileRef = 4B8F18612A8C4E90000D0D85 /* ContentView.swift */; };
		4B8F18642A8C4E91000D0D85 /* Assets.xcassets in Resources */ = {isa = PBXBuildFile; fileRef = 4B8F18632A8C4E91000D0D85 /* Assets.xcassets */; };
		4B8F18672A8C4E91000D0D85 /* Preview Assets.xcassets in Resources */ = {isa = PBXBuildFile; fileRef = 4B8F18662A8C4E91000D0D85 /* Preview Assets.xcassets */; };
		4B8F18702A8C4F0B000D0D85 /* FoodModel.xcdatamodeld in Sources */ = {isa = PBXBuildFile; fileRef = 4B8F186E2A8C4F0B000D0D85 /* FoodModel.xcdatamodeld */; };
		4B8F18722A8C5013000D0D85 /* DataController.swift in Sources */ = {isa = PBXBuildFile; fileRef = 4B8F18712A8C5013000D0D85 /* DataController.swift */; };
		4B8F18762A8C5335000D0D85 /* AddFoodView.swift in Sources */ = {isa = PBXBuildFile; fileRef = 4B8F18752A8C5335000D0D85 /* AddFoodView.swift */; };
		4B8F18782A8C5593000D0D85 /* TimeFormating.swift in Sources */ = {isa = PBXBuildFile; fileRef = 4B8F18772A8C5593000D0D85 /* TimeFormating.swift */; };
		4B8F187A2A8C5D4F000D0D85 /* EditFoodView.swift in Sources */ = {isa = PBXBuildFile; fileRef = 4B8F18792A8C5D4F000D0D85 /* EditFoodView.swift */; };
/* End PBXBuildFile section */

/* Begin PBXFileReference section */
		4B8F185C2A8C4E8F000D0D85 /* CaloriesTracker.app */ = {isa = PBXFileReference; explicitFileType = wrapper.application; includeInIndex = 0; path = CaloriesTracker.app; sourceTree = BUILT_PRODUCTS_DIR; };
		4B8F185F2A8C4E90000D0D85 /* CaloriesTrackerApp.swift */ = {isa = PBXFileReference; lastKnownFileType = sourcecode.swift; path = CaloriesTrackerApp.swift; sourceTree = "<group>"; };
		4B8F18612A8C4E90000D0D85 /* ContentView.swift */ = {isa = PBXFileReference; lastKnownFileType = sourcecode.swift; path = ContentView.swift; sourceTree = "<group>"; };
		4B8F18632A8C4E91000D0D85 /* Assets.xcassets */ = {isa = PBXFileReference; lastKnownFileType = folder.assetcatalog; path = Assets.xcassets; sourceTree = "<group>"; };
		4B8F18662A8C4E91000D0D85 /* Preview Assets.xcassets */ = {isa = PBXFileReference; lastKnownFileType = folder.assetcatalog; path = "Preview Assets.xcassets"; sourceTree = "<group>"; };
		4B8F186F2A8C4F0B000D0D85 /* FoodModel.xcdatamodel */ = {isa = PBXFileReference; lastKnownFileType = wrapper.xcdatamodel; path = FoodModel.xcdatamodel; sourceTree = "<group>"; };
		4B8F18712A8C5013000D0D85 /* DataController.swift */ = {isa = PBXFileReference; lastKnownFileType = sourcecode.swift; path = DataController.swift; sourceTree = "<group>"; };
		4B8F18752A8C5335000D0D85 /* AddFoodView.swift */ = {isa = PBXFileReference; lastKnownFileType = sourcecode.swift; path = AddFoodView.swift; sourceTree = "<group>"; };
		4B8F18772A8C5593000D0D85 /* TimeFormating.swift */ = {isa = PBXFileReference; lastKnownFileType = sourcecode.swift; path = TimeFormating.swift; sourceTree = "<group>"; };
		4B8F18792A8C5D4F000D0D85 /* EditFoodView.swift */ = {isa = PBXFileReference; lastKnownFileType = sourcecode.swift; path = EditFoodView.swift; sourceTree = "<group>"; };
/* End PBXFileReference section */

/* Begin PBXFrameworksBuildPhase section */
		4B8F18592A8C4E8F000D0D85 /* Frameworks */ = {
			isa = PBXFrameworksBuildPhase;
			buildActionMask = 2147483647;
			files = (
			);
			runOnlyForDeploymentPostprocessing = 0;
		};
/* End PBXFrameworksBuildPhase section */

/* Begin PBXGroup section */
		4B8F18532A8C4E8F000D0D85 = {
			isa = PBXGroup;
			children = (
				4B8F185E2A8C4E8F000D0D85 /* CaloriesTracker */,
				4B8F185D2A8C4E8F000D0D85 /* Products */,
			);
			sourceTree = "<group>";
		};
		4B8F185D2A8C4E8F000D0D85 /* Products */ = {
			isa = PBXGroup;
			children = (
				4B8F185C2A8C4E8F000D0D85 /* CaloriesTracker.app */,
			);
			name = Products;
			sourceTree = "<group>";
		};
		4B8F185E2A8C4E8F000D0D85 /* CaloriesTracker */ = {
			isa = PBXGroup;
			children = (
				4B8F185F2A8C4E90000D0D85 /* CaloriesTrackerApp.swift */,
				4B8F18612A8C4E90000D0D85 /* ContentView.swift */,
				4B8F18732A8C52F7000D0D85 /* Views */,
				4B8F18742A8C5302000D0D85 /* Helpers */,
				4B8F186D2A8C4EDA000D0D85 /* Models */,
				4B8F18632A8C4E91000D0D85 /* Assets.xcassets */,
				4B8F18652A8C4E91000D0D85 /* Preview Content */,
			);
			path = CaloriesTracker;
			sourceTree = "<group>";
		};
		4B8F18652A8C4E91000D0D85 /* Preview Content */ = {
			isa = PBXGroup;
			children = (
				4B8F18662A8C4E91000D0D85 /* Preview Assets.xcassets */,
			);
			path = "Preview Content";
			sourceTree = "<group>";
		};
		4B8F186D2A8C4EDA000D0D85 /* Models */ = {
			isa = PBXGroup;
			children = (
				4B8F186E2A8C4F0B000D0D85 /* FoodModel.xcdatamodeld */,
				4B8F18712A8C5013000D0D85 /* DataController.swift */,
			);
			path = Models;
			sourceTree = "<group>";
		};
		4B8F18732A8C52F7000D0D85 /* Views */ = {
			isa = PBXGroup;
			children = (
				4B8F18752A8C5335000D0D85 /* AddFoodView.swift */,
				4B8F18792A8C5D4F000D0D85 /* EditFoodView.swift */,
			);
			path = Views;
			sourceTree = "<group>";
		};
		4B8F18742A8C5302000D0D85 /* Helpers */ = {
			isa = PBXGroup;
			children = (
				4B8F18772A8C5593000D0D85 /* TimeFormating.swift */,
			);
			path = Helpers;
			sourceTree = "<group>";
		};
/* End PBXGroup section */

/* Begin PBXNativeTarget section */
		4B8F185B2A8C4E8F000D0D85 /* CaloriesTracker */ = {
			isa = PBXNativeTarget;
			buildConfigurationList = 4B8F186A2A8C4E91000D0D85 /* Build configuration list for PBXNativeTarget "CaloriesTracker" */;
			buildPhases = (
				4B8F18582A8C4E8F000D0D85 /* Sources */,
				4B8F18592A8C4E8F000D0D85 /* Frameworks */,
				4B8F185A2A8C4E8F000D0D85 /* Resources */,
			);
			buildRules = (
			);
			dependencies = (
			);
			name = CaloriesTracker;
			productName = CaloriesTracker;
			productReference = 4B8F185C2A8C4E8F000D0D85 /* CaloriesTracker.app */;
			productType = "com.apple.product-type.application";
		};
/* End PBXNativeTarget section */

/* Begin PBXProject section */
		4B8F18542A8C4E8F000D0D85 /* Project object */ = {
			isa = PBXProject;
			attributes = {
				BuildIndependentTargetsInParallel = 1;
				LastSwiftUpdateCheck = 1430;
				LastUpgradeCheck = 1430;
				TargetAttributes = {
					4B8F185B2A8C4E8F000D0D85 = {
						CreatedOnToolsVersion = 14.3.1;
					};
				};
			};
			buildConfigurationList = 4B8F18572A8C4E8F000D0D85 /* Build configuration list for PBXProject "CaloriesTracker" */;
			compatibilityVersion = "Xcode 14.0";
			developmentRegion = en;
			hasScannedForEncodings = 0;
			knownRegions = (
				en,
				Base,
			);
			mainGroup = 4B8F18532A8C4E8F000D0D85;
			productRefGroup = 4B8F185D2A8C4E8F000D0D85 /* Products */;
			projectDirPath = "";
			projectRoot = "";
			targets = (
				4B8F185B2A8C4E8F000D0D85 /* CaloriesTracker */,
			);
		};
/* End PBXProject section */

/* Begin PBXResourcesBuildPhase section */
		4B8F185A2A8C4E8F000D0D85 /* Resources */ = {
			isa = PBXResourcesBuildPhase;
			buildActionMask = 2147483647;
			files = (
				4B8F18672A8C4E91000D0D85 /* Preview Assets.xcassets in Resources */,
				4B8F18642A8C4E91000D0D85 /* Assets.xcassets in Resources */,
			);
			runOnlyForDeploymentPostprocessing = 0;
		};
/* End PBXResourcesBuildPhase section */

/* Begin PBXSourcesBuildPhase section */
		4B8F18582A8C4E8F000D0D85 /* Sources */ = {
			isa = PBXSourcesBuildPhase;
			buildActionMask = 2147483647;
			files = (
				4B8F18762A8C5335000D0D85 /* AddFoodView.swift in Sources */,
				4B8F18622A8C4E90000D0D85 /* ContentView.swift in Sources */,
				4B8F18722A8C5013000D0D85 /* DataController.swift in Sources */,
				4B8F18602A8C4E90000D0D85 /* CaloriesTrackerApp.swift in Sources */,
				4B8F18782A8C5593000D0D85 /* TimeFormating.swift in Sources */,
				4B8F187A2A8C5D4F000D0D85 /* EditFoodView.swift in Sources */,
				4B8F18702A8C4F0B000D0D85 /* FoodModel.xcdatamodeld in Sources */,
			);
			runOnlyForDeploymentPostprocessing = 0;
		};
/* End PBXSourcesBuildPhase section */

/* Begin XCBuildConfiguration section */
		4B8F18682A8C4E91000D0D85 /* Debug */ = {
			isa = XCBuildConfiguration;
			buildSettings = {
				ALWAYS_SEARCH_USER_PATHS = NO;
				CLANG_ANALYZER_NONNULL = YES;
				CLANG_ANALYZER_NUMBER_OBJECT_CONVERSION = YES_AGGRESSIVE;
				CLANG_CXX_LANGUAGE_STANDARD = "gnu++20";
				CLANG_ENABLE_MODULES = YES;
				CLANG_ENABLE_OBJC_ARC = YES;
				CLANG_ENABLE_OBJC_WEAK = YES;
				CLANG_WARN_BLOCK_CAPTURE_AUTORELEASING = YES;
				CLANG_WARN_BOOL_CONVERSION = YES;
				CLANG_WARN_COMMA = YES;
				CLANG_WARN_CONSTANT_CONVERSION = YES;
				CLANG_WARN_DEPRECATED_OBJC_IMPLEMENTATIONS = YES;
				CLANG_WARN_DIRECT_OBJC_ISA_USAGE = YES_ERROR;
				CLANG_WARN_DOCUMENTATION_COMMENTS = YES;
				CLANG_WARN_EMPTY_BODY = YES;
				CLANG_WARN_ENUM_CONVERSION = YES;
				CLANG_WARN_INFINITE_RECURSION = YES;
				CLANG_WARN_INT_CONVERSION = YES;
				CLANG_WARN_NON_LITERAL_NULL_CONVERSION = YES;
				CLANG_WARN_OBJC_IMPLICIT_RETAIN_SELF = YES;
				CLANG_WARN_OBJC_LITERAL_CONVERSION = YES;
				CLANG_WARN_OBJC_ROOT_CLASS = YES_ERROR;
				CLANG_WARN_QUOTED_INCLUDE_IN_FRAMEWORK_HEADER = YES;
				CLANG_WARN_RANGE_LOOP_ANALYSIS = YES;
				CLANG_WARN_STRICT_PROTOTYPES = YES;
				CLANG_WARN_SUSPICIOUS_MOVE = YES;
				CLANG_WARN_UNGUARDED_AVAILABILITY = YES_AGGRESSIVE;
				CLANG_WARN_UNREACHABLE_CODE = YES;
				CLANG_WARN__DUPLICATE_METHOD_MATCH = YES;
				COPY_PHASE_STRIP = NO;
				DEBUG_INFORMATION_FORMAT = dwarf;
				ENABLE_STRICT_OBJC_MSGSEND = YES;
				ENABLE_TESTABILITY = YES;
				GCC_C_LANGUAGE_STANDARD = gnu11;
				GCC_DYNAMIC_NO_PIC = NO;
				GCC_NO_COMMON_BLOCKS = YES;
				GCC_OPTIMIZATION_LEVEL = 0;
				GCC_PREPROCESSOR_DEFINITIONS = (
					"DEBUG=1",
					"$(inherited)",
				);
				GCC_WARN_64_TO_32_BIT_CONVERSION = YES;
				GCC_WARN_ABOUT_RETURN_TYPE = YES_ERROR;
				GCC_WARN_UNDECLARED_SELECTOR = YES;
				GCC_WARN_UNINITIALIZED_AUTOS = YES_AGGRESSIVE;
				GCC_WARN_UNUSED_FUNCTION = YES;
				GCC_WARN_UNUSED_VARIABLE = YES;
				IPHONEOS_DEPLOYMENT_TARGET = 16.4;
				MTL_ENABLE_DEBUG_INFO = INCLUDE_SOURCE;
				MTL_FAST_MATH = YES;
				ONLY_ACTIVE_ARCH = YES;
				SDKROOT = iphoneos;
				SWIFT_ACTIVE_COMPILATION_CONDITIONS = DEBUG;
				SWIFT_OPTIMIZATION_LEVEL = "-Onone";
			};
			name = Debug;
		};
		4B8F18692A8C4E91000D0D85 /* Release */ = {
			isa = XCBuildConfiguration;
			buildSettings = {
				ALWAYS_SEARCH_USER_PATHS = NO;
				CLANG_ANALYZER_NONNULL = YES;
				CLANG_ANALYZER_NUMBER_OBJECT_CONVERSION = YES_AGGRESSIVE;
				CLANG_CXX_LANGUAGE_STANDARD = "gnu++20";
				CLANG_ENABLE_MODULES = YES;
				CLANG_ENABLE_OBJC_ARC = YES;
				CLANG_ENABLE_OBJC_WEAK = YES;
				CLANG_WARN_BLOCK_CAPTURE_AUTORELEASING = YES;
				CLANG_WARN_BOOL_CONVERSION = YES;
				CLANG_WARN_COMMA = YES;
				CLANG_WARN_CONSTANT_CONVERSION = YES;
				CLANG_WARN_DEPRECATED_OBJC_IMPLEMENTATIONS = YES;
				CLANG_WARN_DIRECT_OBJC_ISA_USAGE = YES_ERROR;
				CLANG_WARN_DOCUMENTATION_COMMENTS = YES;
				CLANG_WARN_EMPTY_BODY = YES;
				CLANG_WARN_ENUM_CONVERSION = YES;
				CLANG_WARN_INFINITE_RECURSION = YES;
				CLANG_WARN_INT_CONVERSION = YES;
				CLANG_WARN_NON_LITERAL_NULL_CONVERSION = YES;
				CLANG_WARN_OBJC_IMPLICIT_RETAIN_SELF = YES;
				CLANG_WARN_OBJC_LITERAL_CONVERSION = YES;
				CLANG_WARN_OBJC_ROOT_CLASS = YES_ERROR;
				CLANG_WARN_QUOTED_INCLUDE_IN_FRAMEWORK_HEADER = YES;
				CLANG_WARN_RANGE_LOOP_ANALYSIS = YES;
				CLANG_WARN_STRICT_PROTOTYPES = YES;
				CLANG_WARN_SUSPICIOUS_MOVE = YES;
				CLANG_WARN_UNGUARDED_AVAILABILITY = YES_AGGRESSIVE;
				CLANG_WARN_UNREACHABLE_CODE = YES;
				CLANG_WARN__DUPLICATE_METHOD_MATCH = YES;
				COPY_PHASE_STRIP = NO;
				DEBUG_INFORMATION_FORMAT = "dwarf-with-dsym";
				ENABLE_NS_ASSERTIONS = NO;
				ENABLE_STRICT_OBJC_MSGSEND = YES;
				GCC_C_LANGUAGE_STANDARD = gnu11;
				GCC_NO_COMMON_BLOCKS = YES;
				GCC_WARN_64_TO_32_BIT_CONVERSION = YES;
				GCC_WARN_ABOUT_RETURN_TYPE = YES_ERROR;
				GCC_WARN_UNDECLARED_SELECTOR = YES;
				GCC_WARN_UNINITIALIZED_AUTOS = YES_AGGRESSIVE;
				GCC_WARN_UNUSED_FUNCTION = YES;
				GCC_WARN_UNUSED_VARIABLE = YES;
				IPHONEOS_DEPLOYMENT_TARGET = 16.4;
				MTL_ENABLE_DEBUG_INFO = NO;
				MTL_FAST_MATH = YES;
				SDKROOT = iphoneos;
				SWIFT_COMPILATION_MODE = wholemodule;
				SWIFT_OPTIMIZATION_LEVEL = "-O";
				VALIDATE_PRODUCT = YES;
			};
			name = Release;
		};
		4B8F186B2A8C4E91000D0D85 /* Debug */ = {
			isa = XCBuildConfiguration;
			buildSettings = {
				ASSETCATALOG_COMPILER_APPICON_NAME = AppIcon;
				ASSETCATALOG_COMPILER_GLOBAL_ACCENT_COLOR_NAME = AccentColor;
				CODE_SIGN_STYLE = Automatic;
				CURRENT_PROJECT_VERSION = 1;
				DEVELOPMENT_ASSET_PATHS = "\"CaloriesTracker/Preview Content\"";
				DEVELOPMENT_TEAM = NK258P79C4;
				ENABLE_PREVIEWS = YES;
				GENERATE_INFOPLIST_FILE = YES;
				INFOPLIST_KEY_UIApplicationSceneManifest_Generation = YES;
				INFOPLIST_KEY_UIApplicationSupportsIndirectInputEvents = YES;
				INFOPLIST_KEY_UILaunchScreen_Generation = YES;
				INFOPLIST_KEY_UISupportedInterfaceOrientations_iPad = "UIInterfaceOrientationPortrait UIInterfaceOrientationPortraitUpsideDown UIInterfaceOrientationLandscapeLeft UIInterfaceOrientationLandscapeRight";
				INFOPLIST_KEY_UISupportedInterfaceOrientations_iPhone = "UIInterfaceOrientationPortrait UIInterfaceOrientationLandscapeLeft UIInterfaceOrientationLandscapeRight";
				LD_RUNPATH_SEARCH_PATHS = (
					"$(inherited)",
					"@executable_path/Frameworks",
				);
				MARKETING_VERSION = 1.0;
				PRODUCT_BUNDLE_IDENTIFIER = com.jaesmadeit.CaloriesTracker;
				PRODUCT_NAME = "$(TARGET_NAME)";
				SWIFT_EMIT_LOC_STRINGS = YES;
				SWIFT_VERSION = 5.0;
				TARGETED_DEVICE_FAMILY = "1,2";
			};
			name = Debug;
		};
		4B8F186C2A8C4E91000D0D85 /* Release */ = {
			isa = XCBuildConfiguration;
			buildSettings = {
				ASSETCATALOG_COMPILER_APPICON_NAME = AppIcon;
				ASSETCATALOG_COMPILER_GLOBAL_ACCENT_COLOR_NAME = AccentColor;
				CODE_SIGN_STYLE = Automatic;
				CURRENT_PROJECT_VERSION = 1;
				DEVELOPMENT_ASSET_PATHS = "\"CaloriesTracker/Preview Content\"";
				DEVELOPMENT_TEAM = NK258P79C4;
				ENABLE_PREVIEWS = YES;
				GENERATE_INFOPLIST_FILE = YES;
				INFOPLIST_KEY_UIApplicationSceneManifest_Generation = YES;
				INFOPLIST_KEY_UIApplicationSupportsIndirectInputEvents = YES;
				INFOPLIST_KEY_UILaunchScreen_Generation = YES;
				INFOPLIST_KEY_UISupportedInterfaceOrientations_iPad = "UIInterfaceOrientationPortrait UIInterfaceOrientationPortraitUpsideDown UIInterfaceOrientationLandscapeLeft UIInterfaceOrientationLandscapeRight";
				INFOPLIST_KEY_UISupportedInterfaceOrientations_iPhone = "UIInterfaceOrientationPortrait UIInterfaceOrientationLandscapeLeft UIInterfaceOrientationLandscapeRight";
				LD_RUNPATH_SEARCH_PATHS = (
					"$(inherited)",
					"@executable_path/Frameworks",
				);
				MARKETING_VERSION = 1.0;
				PRODUCT_BUNDLE_IDENTIFIER = com.jaesmadeit.CaloriesTracker;
				PRODUCT_NAME = "$(TARGET_NAME)";
				SWIFT_EMIT_LOC_STRINGS = YES;
				SWIFT_VERSION = 5.0;
				TARGETED_DEVICE_FAMILY = "1,2";
			};
			name = Release;
		};
/* End XCBuildConfiguration section */

/* Begin XCConfigurationList section */
		4B8F18572A8C4E8F000D0D85 /* Build configuration list for PBXProject "CaloriesTracker" */ = {
			isa = XCConfigurationList;
			buildConfigurations = (
				4B8F18682A8C4E91000D0D85 /* Debug */,
				4B8F18692A8C4E91000D0D85 /* Release */,
			);
			defaultConfigurationIsVisible = 0;
			defaultConfigurationName = Release;
		};
		4B8F186A2A8C4E91000D0D85 /* Build configuration list for PBXNativeTarget "CaloriesTracker" */ = {
			isa = XCConfigurationList;
			buildConfigurations = (
				4B8F186B2A8C4E91000D0D85 /* Debug */,
				4B8F186C2A8C4E91000D0D85 /* Release */,
			);
			defaultConfigurationIsVisible = 0;
			defaultConfigurationName = Release;
		};
/* End XCConfigurationList section */

/* Begin XCVersionGroup section */
		4B8F186E2A8C4F0B000D0D85 /* FoodModel.xcdatamodeld */ = {
			isa = XCVersionGroup;
			children = (
				4B8F186F2A8C4F0B000D0D85 /* FoodModel.xcdatamodel */,
			);
			currentVersion = 4B8F186F2A8C4F0B000D0D85 /* FoodModel.xcdatamodel */;
			path = FoodModel.xcdatamodeld;
			sourceTree = "<group>";
			versionGroupType = wrapper.xcdatamodel;
		};
/* End XCVersionGroup section */
	};
	rootObject = 4B8F18542A8C4E8F000D0D85 /* Project object */;
}
